
Microsoft Visual Studio Solution File, Format Version 12.00
# Visual Studio Version 17
VisualStudioVersion = 17.6.33815.320
MinimumVisualStudioVersion = 10.0.40219.1
Project("{FAE04EC0-301F-11D3-BF4B-00C04F79EFBC}") = "WebApiServer", "WebApiServer\WebApiServer.csproj", "{B7B91B12-3E54-4E99-B895-D5F988C90CFE}"
EndProject
Project("{FAE04EC0-301F-11D3-BF4B-00C04F79EFBC}") = "WebApiClient", "WebApiClient\WebApiClient.csproj", "{53EDFCFB-5431-4EA0-9F29-F055CF63E21D}"
EndProject
Global
	GlobalSection(SolutionConfigurationPlatforms) = preSolution
		Debug|Any CPU = Debug|Any CPU
		Release|Any CPU = Release|Any CPU
	EndGlobalSection
	GlobalSection(ProjectConfigurationPlatforms) = postSolution
		{B7B91B12-3E54-4E99-B895-D5F988C90CFE}.Debug|Any CPU.ActiveCfg = Debug|Any CPU
		{B7B91B12-3E54-4E99-B895-D5F988C90CFE}.Debug|Any CPU.Build.0 = Debug|Any CPU
		{B7B91B12-3E54-4E99-B895-D5F988C90CFE}.Release|Any CPU.ActiveCfg = Release|Any CPU
		{B7B91B12-3E54-4E99-B895-D5F988C90CFE}.Release|Any CPU.Build.0 = Release|Any CPU
		{53EDFCFB-5431-4EA0-9F29-F055CF63E21D}.Debug|Any CPU.ActiveCfg = Debug|Any CPU
		{53EDFCFB-5431-4EA0-9F29-F055CF63E21D}.Debug|Any CPU.Build.0 = Debug|Any CPU
		{53EDFCFB-5431-4EA0-9F29-F055CF63E21D}.Release|Any CPU.ActiveCfg = Release|Any CPU
		{53EDFCFB-5431-4EA0-9F29-F055CF63E21D}.Release|Any CPU.Build.0 = Release|Any CPU
	EndGlobalSection
	GlobalSection(SolutionProperties) = preSolution
		HideSolutionNode = FALSE
	EndGlobalSection
	GlobalSection(ExtensibilityGlobals) = postSolution
		SolutionGuid = {55DDB1B8-680E-4D4D-85F1-3E9928073701}
	EndGlobalSection
EndGlobal
